
Microsoft Visual Studio Solution File, Format Version 12.00
# Visual Studio Version 17
VisualStudioVersion = 17.12.35527.113
MinimumVisualStudioVersion = 10.0.40219.1
Project("{2150E333-8FDC-42A3-9474-1A3956D46DE8}") = "ChainOfResponsibility", "ChainOfResponsibility", "{DD84A06F-AF4B-4CB4-A5EB-C5D8C44F028A}"
EndProject
Project("{FAE04EC0-301F-11D3-BF4B-00C04F79EFBC}") = "DesignPatern.ChainOfResponsibility", "ChainOfResponsibility\DesignPatern.ChainOfResponsibility\DesignPatern.ChainOfResponsibility.csproj", "{7F62BD92-D82A-4CBC-B058-70DCB43AA5F6}"
EndProject
Project("{2150E333-8FDC-42A3-9474-1A3956D46DE8}") = "CQRS", "CQRS", "{B7D9BE6C-5E67-4F35-A8B2-3B988DF0E019}"
EndProject
Project("{FAE04EC0-301F-11D3-BF4B-00C04F79EFBC}") = "DesignPatern.CQRS", "CQRS\DesignPatern.CQRS\DesignPatern.CQRS.csproj", "{AECB414B-B36D-4155-B1D8-DD86F7FFEE4A}"
EndProject
Project("{2150E333-8FDC-42A3-9474-1A3956D46DE8}") = "TemplateMethod", "TemplateMethod", "{C26B492F-B46E-40D8-B8E3-BD2FD701ADA9}"
EndProject
Project("{FAE04EC0-301F-11D3-BF4B-00C04F79EFBC}") = "DesignPatern.TemplateMethod", "TemplateMethod\DesignPatern.TemplateMethod\DesignPatern.TemplateMethod.csproj", "{2AE1213C-B62B-4FB8-94AE-A2DD36E0752D}"
EndProject
Project("{2150E333-8FDC-42A3-9474-1A3956D46DE8}") = "Observer", "Observer", "{6ACB5FAC-FEAC-4724-8363-7D3B367D20E7}"
EndProject
Project("{FAE04EC0-301F-11D3-BF4B-00C04F79EFBC}") = "DesignPatern.Observer", "Observer\DesignPatern.Observer\DesignPatern.Observer.csproj", "{ACD0CE8D-146B-4862-8096-EB8ED8610D62}"
EndProject
Project("{2150E333-8FDC-42A3-9474-1A3956D46DE8}") = "UnitOfWork", "UnitOfWork", "{5E21346D-D34A-4217-8D6B-FF484C0989BB}"
EndProject
Project("{FAE04EC0-301F-11D3-BF4B-00C04F79EFBC}") = "DesignPattern.UnitOfWork", "UnitOfWork\DesignPattern.UnitOfWork\DesignPattern.UnitOfWork.csproj", "{C438DB56-6121-4934-9C96-4448EAA7F359}"
EndProject
Project("{FAE04EC0-301F-11D3-BF4B-00C04F79EFBC}") = "DesignPattern.EntityLayer", "UnitOfWork\DesignPattern.EntityLayer\DesignPattern.EntityLayer.csproj", "{E44122A4-3407-40CA-8C14-EE23AFA766B2}"
EndProject
Project("{FAE04EC0-301F-11D3-BF4B-00C04F79EFBC}") = "DesignPattern.DataAccassLayer", "UnitOfWork\DesignPattern.DataAccassLayer\DesignPattern.DataAccassLayer.csproj", "{64F6ED4E-C9F7-42EF-A332-2F155CD3A49A}"
EndProject
Project("{FAE04EC0-301F-11D3-BF4B-00C04F79EFBC}") = "DesignPattern.BussinessLayer", "UnitOfWork\DesigPattern.BussinessLayer\DesignPattern.BussinessLayer.csproj", "{EFD6578B-492E-4A18-8E71-6B87A049A539}"
EndProject
Project("{2150E333-8FDC-42A3-9474-1A3956D46DE8}") = "Repository", "Repository", "{ED983C55-59C2-44B5-B0DB-8247F7799FD0}"
EndProject
Project("{FAE04EC0-301F-11D3-BF4B-00C04F79EFBC}") = "DesignPatter.Repository", "Repository\DesignPatter.Repository\DesignPatter.Repository.csproj", "{B4E37E16-7F5F-45EC-B9AF-E523B74E3EF5}"
EndProject
Project("{FAE04EC0-301F-11D3-BF4B-00C04F79EFBC}") = "DesignPattern.EntityLayer", "Repository\DesignPatter.EntityLayer\DesignPattern.EntityLayer.csproj", "{8AB6A3FB-EE25-44F5-BCB0-BB32155FED44}"
EndProject
Project("{FAE04EC0-301F-11D3-BF4B-00C04F79EFBC}") = "DesignPattern.DataAccessLayer", "Repository\DesignPattern.DataAccessLayer\DesignPattern.DataAccessLayer.csproj", "{7161500C-51EE-4322-B21F-51A38731B249}"
EndProject
Project("{FAE04EC0-301F-11D3-BF4B-00C04F79EFBC}") = "DesignPattern.BusinessLayer", "Repository\DesignPattern.BusinessLayer\DesignPattern.BusinessLayer.csproj", "{5D40097B-CB14-4486-AB88-22C4D1F36FB5}"
EndProject
Project("{2150E333-8FDC-42A3-9474-1A3956D46DE8}") = "Composite", "Composite", "{15605285-2412-468B-9413-57ACB9C0FED2}"
EndProject
Project("{FAE04EC0-301F-11D3-BF4B-00C04F79EFBC}") = "DesignPattern.Composite", "Composite\DesignPattern.Composite\DesignPattern.Composite.csproj", "{5DD54970-9AAC-463B-A27C-210C77F1717C}"
EndProject
Project("{2150E333-8FDC-42A3-9474-1A3956D46DE8}") = "Mediator", "Mediator", "{4DA7C917-B25C-449A-A497-BB692602B5DD}"
EndProject
Project("{FAE04EC0-301F-11D3-BF4B-00C04F79EFBC}") = "DesignPattern.Mediator", "Mediator\DesignPattern.Mediator\DesignPattern.Mediator.csproj", "{7D22945F-3596-4B71-BB08-BEBAA131B09B}"
EndProject
Project("{2150E333-8FDC-42A3-9474-1A3956D46DE8}") = "Iterator", "Iterator", "{313A2FE8-3CDD-471D-BF5E-BCCB2B5408AF}"
EndProject
Project("{FAE04EC0-301F-11D3-BF4B-00C04F79EFBC}") = "DesignPattern.Iterator", "Iterator\DesignPattern.Iterator\DesignPattern.Iterator.csproj", "{866536A6-9CC1-489F-B46D-26979616D295}"
EndProject
Project("{2150E333-8FDC-42A3-9474-1A3956D46DE8}") = "Facade", "Facade", "{46BCBE97-EC11-4CC7-ABD9-52D101E4206D}"
EndProject
Project("{2150E333-8FDC-42A3-9474-1A3956D46DE8}") = "Decorator", "Decorator", "{746157FE-10B4-47B0-8958-2274ADE1E1F8}"
EndProject
Project("{FAE04EC0-301F-11D3-BF4B-00C04F79EFBC}") = "DesignPattern.Facade", "Facade\DesignPattern.Facade\DesignPattern.Facade.csproj", "{C0D82E80-94CF-4181-9DDD-4277049A1DDB}"
EndProject
Project("{FAE04EC0-301F-11D3-BF4B-00C04F79EFBC}") = "DesignPattern.Decorator", "Decorator\DesignPattern.Decorator\DesignPattern.Decorator.csproj", "{1C17B35E-DCE0-4C9C-B902-8EF540597F9B}"
EndProject
Global
	GlobalSection(SolutionConfigurationPlatforms) = preSolution
		Debug|Any CPU = Debug|Any CPU
		Release|Any CPU = Release|Any CPU
	EndGlobalSection
	GlobalSection(ProjectConfigurationPlatforms) = postSolution
		{7F62BD92-D82A-4CBC-B058-70DCB43AA5F6}.Debug|Any CPU.ActiveCfg = Debug|Any CPU
		{7F62BD92-D82A-4CBC-B058-70DCB43AA5F6}.Debug|Any CPU.Build.0 = Debug|Any CPU
		{7F62BD92-D82A-4CBC-B058-70DCB43AA5F6}.Release|Any CPU.ActiveCfg = Release|Any CPU
		{7F62BD92-D82A-4CBC-B058-70DCB43AA5F6}.Release|Any CPU.Build.0 = Release|Any CPU
		{AECB414B-B36D-4155-B1D8-DD86F7FFEE4A}.Debug|Any CPU.ActiveCfg = Debug|Any CPU
		{AECB414B-B36D-4155-B1D8-DD86F7FFEE4A}.Debug|Any CPU.Build.0 = Debug|Any CPU
		{AECB414B-B36D-4155-B1D8-DD86F7FFEE4A}.Release|Any CPU.ActiveCfg = Release|Any CPU
		{AECB414B-B36D-4155-B1D8-DD86F7FFEE4A}.Release|Any CPU.Build.0 = Release|Any CPU
		{2AE1213C-B62B-4FB8-94AE-A2DD36E0752D}.Debug|Any CPU.ActiveCfg = Debug|Any CPU
		{2AE1213C-B62B-4FB8-94AE-A2DD36E0752D}.Debug|Any CPU.Build.0 = Debug|Any CPU
		{2AE1213C-B62B-4FB8-94AE-A2DD36E0752D}.Release|Any CPU.ActiveCfg = Release|Any CPU
		{2AE1213C-B62B-4FB8-94AE-A2DD36E0752D}.Release|Any CPU.Build.0 = Release|Any CPU
		{ACD0CE8D-146B-4862-8096-EB8ED8610D62}.Debug|Any CPU.ActiveCfg = Debug|Any CPU
		{ACD0CE8D-146B-4862-8096-EB8ED8610D62}.Debug|Any CPU.Build.0 = Debug|Any CPU
		{ACD0CE8D-146B-4862-8096-EB8ED8610D62}.Release|Any CPU.ActiveCfg = Release|Any CPU
		{ACD0CE8D-146B-4862-8096-EB8ED8610D62}.Release|Any CPU.Build.0 = Release|Any CPU
		{C438DB56-6121-4934-9C96-4448EAA7F359}.Debug|Any CPU.ActiveCfg = Debug|Any CPU
		{C438DB56-6121-4934-9C96-4448EAA7F359}.Debug|Any CPU.Build.0 = Debug|Any CPU
		{C438DB56-6121-4934-9C96-4448EAA7F359}.Release|Any CPU.ActiveCfg = Release|Any CPU
		{C438DB56-6121-4934-9C96-4448EAA7F359}.Release|Any CPU.Build.0 = Release|Any CPU
		{E44122A4-3407-40CA-8C14-EE23AFA766B2}.Debug|Any CPU.ActiveCfg = Debug|Any CPU
		{E44122A4-3407-40CA-8C14-EE23AFA766B2}.Debug|Any CPU.Build.0 = Debug|Any CPU
		{E44122A4-3407-40CA-8C14-EE23AFA766B2}.Release|Any CPU.ActiveCfg = Release|Any CPU
		{E44122A4-3407-40CA-8C14-EE23AFA766B2}.Release|Any CPU.Build.0 = Release|Any CPU
		{64F6ED4E-C9F7-42EF-A332-2F155CD3A49A}.Debug|Any CPU.ActiveCfg = Debug|Any CPU
		{64F6ED4E-C9F7-42EF-A332-2F155CD3A49A}.Debug|Any CPU.Build.0 = Debug|Any CPU
		{64F6ED4E-C9F7-42EF-A332-2F155CD3A49A}.Release|Any CPU.ActiveCfg = Release|Any CPU
		{64F6ED4E-C9F7-42EF-A332-2F155CD3A49A}.Release|Any CPU.Build.0 = Release|Any CPU
		{EFD6578B-492E-4A18-8E71-6B87A049A539}.Debug|Any CPU.ActiveCfg = Debug|Any CPU
		{EFD6578B-492E-4A18-8E71-6B87A049A539}.Debug|Any CPU.Build.0 = Debug|Any CPU
		{EFD6578B-492E-4A18-8E71-6B87A049A539}.Release|Any CPU.ActiveCfg = Release|Any CPU
		{EFD6578B-492E-4A18-8E71-6B87A049A539}.Release|Any CPU.Build.0 = Release|Any CPU
		{B4E37E16-7F5F-45EC-B9AF-E523B74E3EF5}.Debug|Any CPU.ActiveCfg = Debug|Any CPU
		{B4E37E16-7F5F-45EC-B9AF-E523B74E3EF5}.Debug|Any CPU.Build.0 = Debug|Any CPU
		{B4E37E16-7F5F-45EC-B9AF-E523B74E3EF5}.Release|Any CPU.ActiveCfg = Release|Any CPU
		{B4E37E16-7F5F-45EC-B9AF-E523B74E3EF5}.Release|Any CPU.Build.0 = Release|Any CPU
		{8AB6A3FB-EE25-44F5-BCB0-BB32155FED44}.Debug|Any CPU.ActiveCfg = Debug|Any CPU
		{8AB6A3FB-EE25-44F5-BCB0-BB32155FED44}.Debug|Any CPU.Build.0 = Debug|Any CPU
		{8AB6A3FB-EE25-44F5-BCB0-BB32155FED44}.Release|Any CPU.ActiveCfg = Release|Any CPU
		{8AB6A3FB-EE25-44F5-BCB0-BB32155FED44}.Release|Any CPU.Build.0 = Release|Any CPU
		{7161500C-51EE-4322-B21F-51A38731B249}.Debug|Any CPU.ActiveCfg = Debug|Any CPU
		{7161500C-51EE-4322-B21F-51A38731B249}.Debug|Any CPU.Build.0 = Debug|Any CPU
		{7161500C-51EE-4322-B21F-51A38731B249}.Release|Any CPU.ActiveCfg = Release|Any CPU
		{7161500C-51EE-4322-B21F-51A38731B249}.Release|Any CPU.Build.0 = Release|Any CPU
		{5D40097B-CB14-4486-AB88-22C4D1F36FB5}.Debug|Any CPU.ActiveCfg = Debug|Any CPU
		{5D40097B-CB14-4486-AB88-22C4D1F36FB5}.Debug|Any CPU.Build.0 = Debug|Any CPU
		{5D40097B-CB14-4486-AB88-22C4D1F36FB5}.Release|Any CPU.ActiveCfg = Release|Any CPU
		{5D40097B-CB14-4486-AB88-22C4D1F36FB5}.Release|Any CPU.Build.0 = Release|Any CPU
		{5DD54970-9AAC-463B-A27C-210C77F1717C}.Debug|Any CPU.ActiveCfg = Debug|Any CPU
		{5DD54970-9AAC-463B-A27C-210C77F1717C}.Debug|Any CPU.Build.0 = Debug|Any CPU
		{5DD54970-9AAC-463B-A27C-210C77F1717C}.Release|Any CPU.ActiveCfg = Release|Any CPU
		{5DD54970-9AAC-463B-A27C-210C77F1717C}.Release|Any CPU.Build.0 = Release|Any CPU
		{7D22945F-3596-4B71-BB08-BEBAA131B09B}.Debug|Any CPU.ActiveCfg = Debug|Any CPU
		{7D22945F-3596-4B71-BB08-BEBAA131B09B}.Debug|Any CPU.Build.0 = Debug|Any CPU
		{7D22945F-3596-4B71-BB08-BEBAA131B09B}.Release|Any CPU.ActiveCfg = Release|Any CPU
		{7D22945F-3596-4B71-BB08-BEBAA131B09B}.Release|Any CPU.Build.0 = Release|Any CPU
		{866536A6-9CC1-489F-B46D-26979616D295}.Debug|Any CPU.ActiveCfg = Debug|Any CPU
		{866536A6-9CC1-489F-B46D-26979616D295}.Debug|Any CPU.Build.0 = Debug|Any CPU
		{866536A6-9CC1-489F-B46D-26979616D295}.Release|Any CPU.ActiveCfg = Release|Any CPU
		{866536A6-9CC1-489F-B46D-26979616D295}.Release|Any CPU.Build.0 = Release|Any CPU
		{C0D82E80-94CF-4181-9DDD-4277049A1DDB}.Debug|Any CPU.ActiveCfg = Debug|Any CPU
		{C0D82E80-94CF-4181-9DDD-4277049A1DDB}.Debug|Any CPU.Build.0 = Debug|Any CPU
		{C0D82E80-94CF-4181-9DDD-4277049A1DDB}.Release|Any CPU.ActiveCfg = Release|Any CPU
		{C0D82E80-94CF-4181-9DDD-4277049A1DDB}.Release|Any CPU.Build.0 = Release|Any CPU
		{1C17B35E-DCE0-4C9C-B902-8EF540597F9B}.Debug|Any CPU.ActiveCfg = Debug|Any CPU
		{1C17B35E-DCE0-4C9C-B902-8EF540597F9B}.Debug|Any CPU.Build.0 = Debug|Any CPU
		{1C17B35E-DCE0-4C9C-B902-8EF540597F9B}.Release|Any CPU.ActiveCfg = Release|Any CPU
		{1C17B35E-DCE0-4C9C-B902-8EF540597F9B}.Release|Any CPU.Build.0 = Release|Any CPU
	EndGlobalSection
	GlobalSection(SolutionProperties) = preSolution
		HideSolutionNode = FALSE
	EndGlobalSection
	GlobalSection(NestedProjects) = preSolution
		{7F62BD92-D82A-4CBC-B058-70DCB43AA5F6} = {DD84A06F-AF4B-4CB4-A5EB-C5D8C44F028A}
		{AECB414B-B36D-4155-B1D8-DD86F7FFEE4A} = {B7D9BE6C-5E67-4F35-A8B2-3B988DF0E019}
		{2AE1213C-B62B-4FB8-94AE-A2DD36E0752D} = {C26B492F-B46E-40D8-B8E3-BD2FD701ADA9}
		{ACD0CE8D-146B-4862-8096-EB8ED8610D62} = {6ACB5FAC-FEAC-4724-8363-7D3B367D20E7}
		{C438DB56-6121-4934-9C96-4448EAA7F359} = {5E21346D-D34A-4217-8D6B-FF484C0989BB}
		{E44122A4-3407-40CA-8C14-EE23AFA766B2} = {5E21346D-D34A-4217-8D6B-FF484C0989BB}
		{64F6ED4E-C9F7-42EF-A332-2F155CD3A49A} = {5E21346D-D34A-4217-8D6B-FF484C0989BB}
		{EFD6578B-492E-4A18-8E71-6B87A049A539} = {5E21346D-D34A-4217-8D6B-FF484C0989BB}
		{B4E37E16-7F5F-45EC-B9AF-E523B74E3EF5} = {ED983C55-59C2-44B5-B0DB-8247F7799FD0}
		{8AB6A3FB-EE25-44F5-BCB0-BB32155FED44} = {ED983C55-59C2-44B5-B0DB-8247F7799FD0}
		{7161500C-51EE-4322-B21F-51A38731B249} = {ED983C55-59C2-44B5-B0DB-8247F7799FD0}
		{5D40097B-CB14-4486-AB88-22C4D1F36FB5} = {ED983C55-59C2-44B5-B0DB-8247F7799FD0}
		{5DD54970-9AAC-463B-A27C-210C77F1717C} = {15605285-2412-468B-9413-57ACB9C0FED2}
		{7D22945F-3596-4B71-BB08-BEBAA131B09B} = {4DA7C917-B25C-449A-A497-BB692602B5DD}
		{866536A6-9CC1-489F-B46D-26979616D295} = {313A2FE8-3CDD-471D-BF5E-BCCB2B5408AF}
		{C0D82E80-94CF-4181-9DDD-4277049A1DDB} = {46BCBE97-EC11-4CC7-ABD9-52D101E4206D}
		{1C17B35E-DCE0-4C9C-B902-8EF540597F9B} = {746157FE-10B4-47B0-8958-2274ADE1E1F8}
	EndGlobalSection
EndGlobal
